
Microsoft Visual Studio Solution File, Format Version 12.00
# Visual Studio 15
VisualStudioVersion = 15.0.27428.2043
MinimumVisualStudioVersion = 10.0.40219.1
Project("{FAE04EC0-301F-11D3-BF4B-00C04F79EFBC}") = "BootstarpWebApp", "BootstarpWebApp\BootstarpWebApp.csproj", "{AD3B5335-B99F-4DA2-A90E-0C94823EEC6D}"
EndProject
Global
	GlobalSection(SolutionConfigurationPlatforms) = preSolution
		Debug|Any CPU = Debug|Any CPU
		Release|Any CPU = Release|Any CPU
	EndGlobalSection
	GlobalSection(ProjectConfigurationPlatforms) = postSolution
		{AD3B5335-B99F-4DA2-A90E-0C94823EEC6D}.Debug|Any CPU.ActiveCfg = Debug|Any CPU
		{AD3B5335-B99F-4DA2-A90E-0C94823EEC6D}.Debug|Any CPU.Build.0 = Debug|Any CPU
		{AD3B5335-B99F-4DA2-A90E-0C94823EEC6D}.Release|Any CPU.ActiveCfg = Release|Any CPU
		{AD3B5335-B99F-4DA2-A90E-0C94823EEC6D}.Release|Any CPU.Build.0 = Release|Any CPU
	EndGlobalSection
	GlobalSection(SolutionProperties) = preSolution
		HideSolutionNode = FALSE
	EndGlobalSection
	GlobalSection(ExtensibilityGlobals) = postSolution
		SolutionGuid = {681C60A0-47D9-442D-AA7F-143C4284A29B}
	EndGlobalSection
EndGlobal
